
Microsoft Visual Studio Solution File, Format Version 12.00
# Visual Studio Version 16
VisualStudioVersion = 16.0.31702.278
MinimumVisualStudioVersion = 10.0.40219.1
Project("{FAE04EC0-301F-11D3-BF4B-00C04F79EFBC}") = "JuniorLevelAjax", "JuniorLevelAjax\JuniorLevelAjax.csproj", "{17116307-584B-4546-9E2E-33524D9EA0FB}"
EndProject
Global
	GlobalSection(SolutionConfigurationPlatforms) = preSolution
		Debug|Any CPU = Debug|Any CPU
		Release|Any CPU = Release|Any CPU
	EndGlobalSection
	GlobalSection(ProjectConfigurationPlatforms) = postSolution
		{17116307-584B-4546-9E2E-33524D9EA0FB}.Debug|Any CPU.ActiveCfg = Debug|Any CPU
		{17116307-584B-4546-9E2E-33524D9EA0FB}.Debug|Any CPU.Build.0 = Debug|Any CPU
		{17116307-584B-4546-9E2E-33524D9EA0FB}.Release|Any CPU.ActiveCfg = Release|Any CPU
		{17116307-584B-4546-9E2E-33524D9EA0FB}.Release|Any CPU.Build.0 = Release|Any CPU
	EndGlobalSection
	GlobalSection(SolutionProperties) = preSolution
		HideSolutionNode = FALSE
	EndGlobalSection
	GlobalSection(ExtensibilityGlobals) = postSolution
		SolutionGuid = {A33850E6-D8A7-4B4A-B684-376D7891038A}
	EndGlobalSection
EndGlobal
